
Microsoft Visual Studio Solution File, Format Version 12.00
# Visual Studio 15
VisualStudioVersion = 15.0.27130.2036
MinimumVisualStudioVersion = 10.0.40219.1
Project("{FAE04EC0-301F-11D3-BF4B-00C04F79EFBC}") = "ShopApp.Android", "Front\Front.Android\ShopApp.Android.csproj", "{27EADD9B-9443-4E9F-98CB-BDB779A43114}"
EndProject
Project("{FAE04EC0-301F-11D3-BF4B-00C04F79EFBC}") = "ShopApp.iOS", "Front\Front.iOS\ShopApp.iOS.csproj", "{9789BEB6-EA16-4C95-9CD3-61CDBC2B9E45}"
EndProject
Project("{FAE04EC0-301F-11D3-BF4B-00C04F79EFBC}") = "ShopApp.UWP", "Front\Front.UWP\ShopApp.UWP.csproj", "{EB062EB4-5F84-4551-A319-5BD40C5DDBAB}"
EndProject
Project("{9A19103F-16F7-4668-BE54-9A1E7A4F7556}") = "ShopApp", "Front\Front\ShopApp.csproj", "{5725D030-9569-46E5-9D48-180DB314E6CF}"
EndProject
Global
	GlobalSection(SolutionConfigurationPlatforms) = preSolution
		Ad-Hoc|Any CPU = Ad-Hoc|Any CPU
		Ad-Hoc|ARM = Ad-Hoc|ARM
		Ad-Hoc|iPhone = Ad-Hoc|iPhone
		Ad-Hoc|iPhoneSimulator = Ad-Hoc|iPhoneSimulator
		Ad-Hoc|x64 = Ad-Hoc|x64
		Ad-Hoc|x86 = Ad-Hoc|x86
		AppStore|Any CPU = AppStore|Any CPU
		AppStore|ARM = AppStore|ARM
		AppStore|iPhone = AppStore|iPhone
		AppStore|iPhoneSimulator = AppStore|iPhoneSimulator
		AppStore|x64 = AppStore|x64
		AppStore|x86 = AppStore|x86
		Debug|Any CPU = Debug|Any CPU
		Debug|ARM = Debug|ARM
		Debug|iPhone = Debug|iPhone
		Debug|iPhoneSimulator = Debug|iPhoneSimulator
		Debug|x64 = Debug|x64
		Debug|x86 = Debug|x86
		Release|Any CPU = Release|Any CPU
		Release|ARM = Release|ARM
		Release|iPhone = Release|iPhone
		Release|iPhoneSimulator = Release|iPhoneSimulator
		Release|x64 = Release|x64
		Release|x86 = Release|x86
	EndGlobalSection
	GlobalSection(ProjectConfigurationPlatforms) = postSolution
		{27EADD9B-9443-4E9F-98CB-BDB779A43114}.Ad-Hoc|Any CPU.ActiveCfg = Release|Any CPU
		{27EADD9B-9443-4E9F-98CB-BDB779A43114}.Ad-Hoc|Any CPU.Build.0 = Release|Any CPU
		{27EADD9B-9443-4E9F-98CB-BDB779A43114}.Ad-Hoc|Any CPU.Deploy.0 = Release|Any CPU
		{27EADD9B-9443-4E9F-98CB-BDB779A43114}.Ad-Hoc|ARM.ActiveCfg = Release|Any CPU
		{27EADD9B-9443-4E9F-98CB-BDB779A43114}.Ad-Hoc|ARM.Build.0 = Release|Any CPU
		{27EADD9B-9443-4E9F-98CB-BDB779A43114}.Ad-Hoc|ARM.Deploy.0 = Release|Any CPU
		{27EADD9B-9443-4E9F-98CB-BDB779A43114}.Ad-Hoc|iPhone.ActiveCfg = Release|Any CPU
		{27EADD9B-9443-4E9F-98CB-BDB779A43114}.Ad-Hoc|iPhone.Build.0 = Release|Any CPU
		{27EADD9B-9443-4E9F-98CB-BDB779A43114}.Ad-Hoc|iPhone.Deploy.0 = Release|Any CPU
		{27EADD9B-9443-4E9F-98CB-BDB779A43114}.Ad-Hoc|iPhoneSimulator.ActiveCfg = Release|Any CPU
		{27EADD9B-9443-4E9F-98CB-BDB779A43114}.Ad-Hoc|iPhoneSimulator.Build.0 = Release|Any CPU
		{27EADD9B-9443-4E9F-98CB-BDB779A43114}.Ad-Hoc|iPhoneSimulator.Deploy.0 = Release|Any CPU
		{27EADD9B-9443-4E9F-98CB-BDB779A43114}.Ad-Hoc|x64.ActiveCfg = Release|Any CPU
		{27EADD9B-9443-4E9F-98CB-BDB779A43114}.Ad-Hoc|x64.Build.0 = Release|Any CPU
		{27EADD9B-9443-4E9F-98CB-BDB779A43114}.Ad-Hoc|x64.Deploy.0 = Release|Any CPU
		{27EADD9B-9443-4E9F-98CB-BDB779A43114}.Ad-Hoc|x86.ActiveCfg = Release|Any CPU
		{27EADD9B-9443-4E9F-98CB-BDB779A43114}.Ad-Hoc|x86.Build.0 = Release|Any CPU
		{27EADD9B-9443-4E9F-98CB-BDB779A43114}.Ad-Hoc|x86.Deploy.0 = Release|Any CPU
		{27EADD9B-9443-4E9F-98CB-BDB779A43114}.AppStore|Any CPU.ActiveCfg = Release|Any CPU
		{27EADD9B-9443-4E9F-98CB-BDB779A43114}.AppStore|Any CPU.Build.0 = Release|Any CPU
		{27EADD9B-9443-4E9F-98CB-BDB779A43114}.AppStore|Any CPU.Deploy.0 = Release|Any CPU
		{27EADD9B-9443-4E9F-98CB-BDB779A43114}.AppStore|ARM.ActiveCfg = Release|Any CPU
		{27EADD9B-9443-4E9F-98CB-BDB779A43114}.AppStore|ARM.Build.0 = Release|Any CPU
		{27EADD9B-9443-4E9F-98CB-BDB779A43114}.AppStore|ARM.Deploy.0 = Release|Any CPU
		{27EADD9B-9443-4E9F-98CB-BDB779A43114}.AppStore|iPhone.ActiveCfg = Release|Any CPU
		{27EADD9B-9443-4E9F-98CB-BDB779A43114}.AppStore|iPhone.Build.0 = Release|Any CPU
		{27EADD9B-9443-4E9F-98CB-BDB779A43114}.AppStore|iPhone.Deploy.0 = Release|Any CPU
		{27EADD9B-9443-4E9F-98CB-BDB779A43114}.AppStore|iPhoneSimulator.ActiveCfg = Release|Any CPU
		{27EADD9B-9443-4E9F-98CB-BDB779A43114}.AppStore|iPhoneSimulator.Build.0 = Release|Any CPU
		{27EADD9B-9443-4E9F-98CB-BDB779A43114}.AppStore|iPhoneSimulator.Deploy.0 = Release|Any CPU
		{27EADD9B-9443-4E9F-98CB-BDB779A43114}.AppStore|x64.ActiveCfg = Release|Any CPU
		{27EADD9B-9443-4E9F-98CB-BDB779A43114}.AppStore|x64.Build.0 = Release|Any CPU
		{27EADD9B-9443-4E9F-98CB-BDB779A43114}.AppStore|x64.Deploy.0 = Release|Any CPU
		{27EADD9B-9443-4E9F-98CB-BDB779A43114}.AppStore|x86.ActiveCfg = Release|Any CPU
		{27EADD9B-9443-4E9F-98CB-BDB779A43114}.AppStore|x86.Build.0 = Release|Any CPU
		{27EADD9B-9443-4E9F-98CB-BDB779A43114}.AppStore|x86.Deploy.0 = Release|Any CPU
		{27EADD9B-9443-4E9F-98CB-BDB779A43114}.Debug|Any CPU.ActiveCfg = Debug|Any CPU
		{27EADD9B-9443-4E9F-98CB-BDB779A43114}.Debug|Any CPU.Build.0 = Debug|Any CPU
		{27EADD9B-9443-4E9F-98CB-BDB779A43114}.Debug|Any CPU.Deploy.0 = Debug|Any CPU
		{27EADD9B-9443-4E9F-98CB-BDB779A43114}.Debug|ARM.ActiveCfg = Debug|Any CPU
		{27EADD9B-9443-4E9F-98CB-BDB779A43114}.Debug|ARM.Build.0 = Debug|Any CPU
		{27EADD9B-9443-4E9F-98CB-BDB779A43114}.Debug|ARM.Deploy.0 = Debug|Any CPU
		{27EADD9B-9443-4E9F-98CB-BDB779A43114}.Debug|iPhone.ActiveCfg = Debug|Any CPU
		{27EADD9B-9443-4E9F-98CB-BDB779A43114}.Debug|iPhone.Build.0 = Debug|Any CPU
		{27EADD9B-9443-4E9F-98CB-BDB779A43114}.Debug|iPhone.Deploy.0 = Debug|Any CPU
		{27EADD9B-9443-4E9F-98CB-BDB779A43114}.Debug|iPhoneSimulator.ActiveCfg = Debug|Any CPU
		{27EADD9B-9443-4E9F-98CB-BDB779A43114}.Debug|iPhoneSimulator.Build.0 = Debug|Any CPU
		{27EADD9B-9443-4E9F-98CB-BDB779A43114}.Debug|iPhoneSimulator.Deploy.0 = Debug|Any CPU
		{27EADD9B-9443-4E9F-98CB-BDB779A43114}.Debug|x64.ActiveCfg = Debug|Any CPU
		{27EADD9B-9443-4E9F-98CB-BDB779A43114}.Debug|x64.Build.0 = Debug|Any CPU
		{27EADD9B-9443-4E9F-98CB-BDB779A43114}.Debug|x64.Deploy.0 = Debug|Any CPU
		{27EADD9B-9443-4E9F-98CB-BDB779A43114}.Debug|x86.ActiveCfg = Debug|Any CPU
		{27EADD9B-9443-4E9F-98CB-BDB779A43114}.Debug|x86.Build.0 = Debug|Any CPU
		{27EADD9B-9443-4E9F-98CB-BDB779A43114}.Debug|x86.Deploy.0 = Debug|Any CPU
		{27EADD9B-9443-4E9F-98CB-BDB779A43114}.Release|Any CPU.ActiveCfg = Release|Any CPU
		{27EADD9B-9443-4E9F-98CB-BDB779A43114}.Release|Any CPU.Build.0 = Release|Any CPU
		{27EADD9B-9443-4E9F-98CB-BDB779A43114}.Release|Any CPU.Deploy.0 = Release|Any CPU
		{27EADD9B-9443-4E9F-98CB-BDB779A43114}.Release|ARM.ActiveCfg = Release|Any CPU
		{27EADD9B-9443-4E9F-98CB-BDB779A43114}.Release|ARM.Build.0 = Release|Any CPU
		{27EADD9B-9443-4E9F-98CB-BDB779A43114}.Release|ARM.Deploy.0 = Release|Any CPU
		{27EADD9B-9443-4E9F-98CB-BDB779A43114}.Release|iPhone.ActiveCfg = Release|Any CPU
		{27EADD9B-9443-4E9F-98CB-BDB779A43114}.Release|iPhone.Build.0 = Release|Any CPU
		{27EADD9B-9443-4E9F-98CB-BDB779A43114}.Release|iPhone.Deploy.0 = Release|Any CPU
		{27EADD9B-9443-4E9F-98CB-BDB779A43114}.Release|iPhoneSimulator.ActiveCfg = Release|Any CPU
		{27EADD9B-9443-4E9F-98CB-BDB779A43114}.Release|iPhoneSimulator.Build.0 = Release|Any CPU
		{27EADD9B-9443-4E9F-98CB-BDB779A43114}.Release|iPhoneSimulator.Deploy.0 = Release|Any CPU
		{27EADD9B-9443-4E9F-98CB-BDB779A43114}.Release|x64.ActiveCfg = Release|Any CPU
		{27EADD9B-9443-4E9F-98CB-BDB779A43114}.Release|x64.Build.0 = Release|Any CPU
		{27EADD9B-9443-4E9F-98CB-BDB779A43114}.Release|x64.Deploy.0 = Release|Any CPU
		{27EADD9B-9443-4E9F-98CB-BDB779A43114}.Release|x86.ActiveCfg = Release|Any CPU
		{27EADD9B-9443-4E9F-98CB-BDB779A43114}.Release|x86.Build.0 = Release|Any CPU
		{27EADD9B-9443-4E9F-98CB-BDB779A43114}.Release|x86.Deploy.0 = Release|Any CPU
		{9789BEB6-EA16-4C95-9CD3-61CDBC2B9E45}.Ad-Hoc|Any CPU.ActiveCfg = Ad-Hoc|iPhone
		{9789BEB6-EA16-4C95-9CD3-61CDBC2B9E45}.Ad-Hoc|ARM.ActiveCfg = Ad-Hoc|iPhone
		{9789BEB6-EA16-4C95-9CD3-61CDBC2B9E45}.Ad-Hoc|iPhone.ActiveCfg = Ad-Hoc|iPhone
		{9789BEB6-EA16-4C95-9CD3-61CDBC2B9E45}.Ad-Hoc|iPhone.Build.0 = Ad-Hoc|iPhone
		{9789BEB6-EA16-4C95-9CD3-61CDBC2B9E45}.Ad-Hoc|iPhoneSimulator.ActiveCfg = Ad-Hoc|iPhoneSimulator
		{9789BEB6-EA16-4C95-9CD3-61CDBC2B9E45}.Ad-Hoc|iPhoneSimulator.Build.0 = Ad-Hoc|iPhoneSimulator
		{9789BEB6-EA16-4C95-9CD3-61CDBC2B9E45}.Ad-Hoc|x64.ActiveCfg = Ad-Hoc|iPhone
		{9789BEB6-EA16-4C95-9CD3-61CDBC2B9E45}.Ad-Hoc|x86.ActiveCfg = Ad-Hoc|iPhone
		{9789BEB6-EA16-4C95-9CD3-61CDBC2B9E45}.AppStore|Any CPU.ActiveCfg = AppStore|iPhone
		{9789BEB6-EA16-4C95-9CD3-61CDBC2B9E45}.AppStore|ARM.ActiveCfg = AppStore|iPhone
		{9789BEB6-EA16-4C95-9CD3-61CDBC2B9E45}.AppStore|iPhone.ActiveCfg = AppStore|iPhone
		{9789BEB6-EA16-4C95-9CD3-61CDBC2B9E45}.AppStore|iPhone.Build.0 = AppStore|iPhone
		{9789BEB6-EA16-4C95-9CD3-61CDBC2B9E45}.AppStore|iPhoneSimulator.ActiveCfg = AppStore|iPhoneSimulator
		{9789BEB6-EA16-4C95-9CD3-61CDBC2B9E45}.AppStore|iPhoneSimulator.Build.0 = AppStore|iPhoneSimulator
		{9789BEB6-EA16-4C95-9CD3-61CDBC2B9E45}.AppStore|x64.ActiveCfg = AppStore|iPhone
		{9789BEB6-EA16-4C95-9CD3-61CDBC2B9E45}.AppStore|x86.ActiveCfg = AppStore|iPhone
		{9789BEB6-EA16-4C95-9CD3-61CDBC2B9E45}.Debug|Any CPU.ActiveCfg = Debug|iPhone
		{9789BEB6-EA16-4C95-9CD3-61CDBC2B9E45}.Debug|ARM.ActiveCfg = Debug|iPhone
		{9789BEB6-EA16-4C95-9CD3-61CDBC2B9E45}.Debug|iPhone.ActiveCfg = Debug|iPhone
		{9789BEB6-EA16-4C95-9CD3-61CDBC2B9E45}.Debug|iPhone.Build.0 = Debug|iPhone
		{9789BEB6-EA16-4C95-9CD3-61CDBC2B9E45}.Debug|iPhoneSimulator.ActiveCfg = Debug|iPhoneSimulator
		{9789BEB6-EA16-4C95-9CD3-61CDBC2B9E45}.Debug|iPhoneSimulator.Build.0 = Debug|iPhoneSimulator
		{9789BEB6-EA16-4C95-9CD3-61CDBC2B9E45}.Debug|x64.ActiveCfg = Debug|iPhone
		{9789BEB6-EA16-4C95-9CD3-61CDBC2B9E45}.Debug|x86.ActiveCfg = Debug|iPhone
		{9789BEB6-EA16-4C95-9CD3-61CDBC2B9E45}.Release|Any CPU.ActiveCfg = Release|iPhone
		{9789BEB6-EA16-4C95-9CD3-61CDBC2B9E45}.Release|ARM.ActiveCfg = Release|iPhone
		{9789BEB6-EA16-4C95-9CD3-61CDBC2B9E45}.Release|iPhone.ActiveCfg = Release|iPhone
		{9789BEB6-EA16-4C95-9CD3-61CDBC2B9E45}.Release|iPhone.Build.0 = Release|iPhone
		{9789BEB6-EA16-4C95-9CD3-61CDBC2B9E45}.Release|iPhoneSimulator.ActiveCfg = Release|iPhoneSimulator
		{9789BEB6-EA16-4C95-9CD3-61CDBC2B9E45}.Release|iPhoneSimulator.Build.0 = Release|iPhoneSimulator
		{9789BEB6-EA16-4C95-9CD3-61CDBC2B9E45}.Release|x64.ActiveCfg = Release|iPhone
		{9789BEB6-EA16-4C95-9CD3-61CDBC2B9E45}.Release|x86.ActiveCfg = Release|iPhone
		{EB062EB4-5F84-4551-A319-5BD40C5DDBAB}.Ad-Hoc|Any CPU.ActiveCfg = Release|x86
		{EB062EB4-5F84-4551-A319-5BD40C5DDBAB}.Ad-Hoc|Any CPU.Build.0 = Release|x86
		{EB062EB4-5F84-4551-A319-5BD40C5DDBAB}.Ad-Hoc|Any CPU.Deploy.0 = Release|x86
		{EB062EB4-5F84-4551-A319-5BD40C5DDBAB}.Ad-Hoc|ARM.ActiveCfg = Release|ARM
		{EB062EB4-5F84-4551-A319-5BD40C5DDBAB}.Ad-Hoc|ARM.Build.0 = Release|ARM
		{EB062EB4-5F84-4551-A319-5BD40C5DDBAB}.Ad-Hoc|ARM.Deploy.0 = Release|ARM
		{EB062EB4-5F84-4551-A319-5BD40C5DDBAB}.Ad-Hoc|iPhone.ActiveCfg = Release|x86
		{EB062EB4-5F84-4551-A319-5BD40C5DDBAB}.Ad-Hoc|iPhone.Build.0 = Release|x86
		{EB062EB4-5F84-4551-A319-5BD40C5DDBAB}.Ad-Hoc|iPhone.Deploy.0 = Release|x86
		{EB062EB4-5F84-4551-A319-5BD40C5DDBAB}.Ad-Hoc|iPhoneSimulator.ActiveCfg = Release|x86
		{EB062EB4-5F84-4551-A319-5BD40C5DDBAB}.Ad-Hoc|iPhoneSimulator.Build.0 = Release|x86
		{EB062EB4-5F84-4551-A319-5BD40C5DDBAB}.Ad-Hoc|iPhoneSimulator.Deploy.0 = Release|x86
		{EB062EB4-5F84-4551-A319-5BD40C5DDBAB}.Ad-Hoc|x64.ActiveCfg = Release|x64
		{EB062EB4-5F84-4551-A319-5BD40C5DDBAB}.Ad-Hoc|x64.Build.0 = Release|x64
		{EB062EB4-5F84-4551-A319-5BD40C5DDBAB}.Ad-Hoc|x64.Deploy.0 = Release|x64
		{EB062EB4-5F84-4551-A319-5BD40C5DDBAB}.Ad-Hoc|x86.ActiveCfg = Release|x86
		{EB062EB4-5F84-4551-A319-5BD40C5DDBAB}.Ad-Hoc|x86.Build.0 = Release|x86
		{EB062EB4-5F84-4551-A319-5BD40C5DDBAB}.Ad-Hoc|x86.Deploy.0 = Release|x86
		{EB062EB4-5F84-4551-A319-5BD40C5DDBAB}.AppStore|Any CPU.ActiveCfg = Release|x86
		{EB062EB4-5F84-4551-A319-5BD40C5DDBAB}.AppStore|Any CPU.Build.0 = Release|x86
		{EB062EB4-5F84-4551-A319-5BD40C5DDBAB}.AppStore|Any CPU.Deploy.0 = Release|x86
		{EB062EB4-5F84-4551-A319-5BD40C5DDBAB}.AppStore|ARM.ActiveCfg = Release|ARM
		{EB062EB4-5F84-4551-A319-5BD40C5DDBAB}.AppStore|ARM.Build.0 = Release|ARM
		{EB062EB4-5F84-4551-A319-5BD40C5DDBAB}.AppStore|ARM.Deploy.0 = Release|ARM
		{EB062EB4-5F84-4551-A319-5BD40C5DDBAB}.AppStore|iPhone.ActiveCfg = Release|x86
		{EB062EB4-5F84-4551-A319-5BD40C5DDBAB}.AppStore|iPhone.Build.0 = Release|x86
		{EB062EB4-5F84-4551-A319-5BD40C5DDBAB}.AppStore|iPhone.Deploy.0 = Release|x86
		{EB062EB4-5F84-4551-A319-5BD40C5DDBAB}.AppStore|iPhoneSimulator.ActiveCfg = Release|x86
		{EB062EB4-5F84-4551-A319-5BD40C5DDBAB}.AppStore|iPhoneSimulator.Build.0 = Release|x86
		{EB062EB4-5F84-4551-A319-5BD40C5DDBAB}.AppStore|iPhoneSimulator.Deploy.0 = Release|x86
		{EB062EB4-5F84-4551-A319-5BD40C5DDBAB}.AppStore|x64.ActiveCfg = Release|x64
		{EB062EB4-5F84-4551-A319-5BD40C5DDBAB}.AppStore|x64.Build.0 = Release|x64
		{EB062EB4-5F84-4551-A319-5BD40C5DDBAB}.AppStore|x64.Deploy.0 = Release|x64
		{EB062EB4-5F84-4551-A319-5BD40C5DDBAB}.AppStore|x86.ActiveCfg = Release|x86
		{EB062EB4-5F84-4551-A319-5BD40C5DDBAB}.AppStore|x86.Build.0 = Release|x86
		{EB062EB4-5F84-4551-A319-5BD40C5DDBAB}.AppStore|x86.Deploy.0 = Release|x86
		{EB062EB4-5F84-4551-A319-5BD40C5DDBAB}.Debug|Any CPU.ActiveCfg = Debug|x86
		{EB062EB4-5F84-4551-A319-5BD40C5DDBAB}.Debug|ARM.ActiveCfg = Debug|ARM
		{EB062EB4-5F84-4551-A319-5BD40C5DDBAB}.Debug|ARM.Build.0 = Debug|ARM
		{EB062EB4-5F84-4551-A319-5BD40C5DDBAB}.Debug|ARM.Deploy.0 = Debug|ARM
		{EB062EB4-5F84-4551-A319-5BD40C5DDBAB}.Debug|iPhone.ActiveCfg = Debug|x86
		{EB062EB4-5F84-4551-A319-5BD40C5DDBAB}.Debug|iPhoneSimulator.ActiveCfg = Debug|x86
		{EB062EB4-5F84-4551-A319-5BD40C5DDBAB}.Debug|x64.ActiveCfg = Debug|x64
		{EB062EB4-5F84-4551-A319-5BD40C5DDBAB}.Debug|x64.Build.0 = Debug|x64
		{EB062EB4-5F84-4551-A319-5BD40C5DDBAB}.Debug|x64.Deploy.0 = Debug|x64
		{EB062EB4-5F84-4551-A319-5BD40C5DDBAB}.Debug|x86.ActiveCfg = Debug|x86
		{EB062EB4-5F84-4551-A319-5BD40C5DDBAB}.Debug|x86.Build.0 = Debug|x86
		{EB062EB4-5F84-4551-A319-5BD40C5DDBAB}.Debug|x86.Deploy.0 = Debug|x86
		{EB062EB4-5F84-4551-A319-5BD40C5DDBAB}.Release|Any CPU.ActiveCfg = Release|x86
		{EB062EB4-5F84-4551-A319-5BD40C5DDBAB}.Release|ARM.ActiveCfg = Release|ARM
		{EB062EB4-5F84-4551-A319-5BD40C5DDBAB}.Release|ARM.Build.0 = Release|ARM
		{EB062EB4-5F84-4551-A319-5BD40C5DDBAB}.Release|ARM.Deploy.0 = Release|ARM
		{EB062EB4-5F84-4551-A319-5BD40C5DDBAB}.Release|iPhone.ActiveCfg = Release|x86
		{EB062EB4-5F84-4551-A319-5BD40C5DDBAB}.Release|iPhoneSimulator.ActiveCfg = Release|x86
		{EB062EB4-5F84-4551-A319-5BD40C5DDBAB}.Release|x64.ActiveCfg = Release|x64
		{EB062EB4-5F84-4551-A319-5BD40C5DDBAB}.Release|x64.Build.0 = Release|x64
		{EB062EB4-5F84-4551-A319-5BD40C5DDBAB}.Release|x64.Deploy.0 = Release|x64
		{EB062EB4-5F84-4551-A319-5BD40C5DDBAB}.Release|x86.ActiveCfg = Release|x86
		{EB062EB4-5F84-4551-A319-5BD40C5DDBAB}.Release|x86.Build.0 = Release|x86
		{EB062EB4-5F84-4551-A319-5BD40C5DDBAB}.Release|x86.Deploy.0 = Release|x86
		{5725D030-9569-46E5-9D48-180DB314E6CF}.Ad-Hoc|Any CPU.ActiveCfg = Debug|Any CPU
		{5725D030-9569-46E5-9D48-180DB314E6CF}.Ad-Hoc|Any CPU.Build.0 = Debug|Any CPU
		{5725D030-9569-46E5-9D48-180DB314E6CF}.Ad-Hoc|ARM.ActiveCfg = Debug|Any CPU
		{5725D030-9569-46E5-9D48-180DB314E6CF}.Ad-Hoc|ARM.Build.0 = Debug|Any CPU
		{5725D030-9569-46E5-9D48-180DB314E6CF}.Ad-Hoc|iPhone.ActiveCfg = Debug|Any CPU
		{5725D030-9569-46E5-9D48-180DB314E6CF}.Ad-Hoc|iPhone.Build.0 = Debug|Any CPU
		{5725D030-9569-46E5-9D48-180DB314E6CF}.Ad-Hoc|iPhoneSimulator.ActiveCfg = Debug|Any CPU
		{5725D030-9569-46E5-9D48-180DB314E6CF}.Ad-Hoc|iPhoneSimulator.Build.0 = Debug|Any CPU
		{5725D030-9569-46E5-9D48-180DB314E6CF}.Ad-Hoc|x64.ActiveCfg = Debug|Any CPU
		{5725D030-9569-46E5-9D48-180DB314E6CF}.Ad-Hoc|x64.Build.0 = Debug|Any CPU
		{5725D030-9569-46E5-9D48-180DB314E6CF}.Ad-Hoc|x86.ActiveCfg = Debug|Any CPU
		{5725D030-9569-46E5-9D48-180DB314E6CF}.Ad-Hoc|x86.Build.0 = Debug|Any CPU
		{5725D030-9569-46E5-9D48-180DB314E6CF}.AppStore|Any CPU.ActiveCfg = Debug|Any CPU
		{5725D030-9569-46E5-9D48-180DB314E6CF}.AppStore|Any CPU.Build.0 = Debug|Any CPU
		{5725D030-9569-46E5-9D48-180DB314E6CF}.AppStore|ARM.ActiveCfg = Debug|Any CPU
		{5725D030-9569-46E5-9D48-180DB314E6CF}.AppStore|ARM.Build.0 = Debug|Any CPU
		{5725D030-9569-46E5-9D48-180DB314E6CF}.AppStore|iPhone.ActiveCfg = Debug|Any CPU
		{5725D030-9569-46E5-9D48-180DB314E6CF}.AppStore|iPhone.Build.0 = Debug|Any CPU
		{5725D030-9569-46E5-9D48-180DB314E6CF}.AppStore|iPhoneSimulator.ActiveCfg = Debug|Any CPU
		{5725D030-9569-46E5-9D48-180DB314E6CF}.AppStore|iPhoneSimulator.Build.0 = Debug|Any CPU
		{5725D030-9569-46E5-9D48-180DB314E6CF}.AppStore|x64.ActiveCfg = Debug|Any CPU
		{5725D030-9569-46E5-9D48-180DB314E6CF}.AppStore|x64.Build.0 = Debug|Any CPU
		{5725D030-9569-46E5-9D48-180DB314E6CF}.AppStore|x86.ActiveCfg = Debug|Any CPU
		{5725D030-9569-46E5-9D48-180DB314E6CF}.AppStore|x86.Build.0 = Debug|Any CPU
		{5725D030-9569-46E5-9D48-180DB314E6CF}.Debug|Any CPU.ActiveCfg = Debug|Any CPU
		{5725D030-9569-46E5-9D48-180DB314E6CF}.Debug|Any CPU.Build.0 = Debug|Any CPU
		{5725D030-9569-46E5-9D48-180DB314E6CF}.Debug|ARM.ActiveCfg = Debug|Any CPU
		{5725D030-9569-46E5-9D48-180DB314E6CF}.Debug|ARM.Build.0 = Debug|Any CPU
		{5725D030-9569-46E5-9D48-180DB314E6CF}.Debug|iPhone.ActiveCfg = Debug|Any CPU
		{5725D030-9569-46E5-9D48-180DB314E6CF}.Debug|iPhone.Build.0 = Debug|Any CPU
		{5725D030-9569-46E5-9D48-180DB314E6CF}.Debug|iPhoneSimulator.ActiveCfg = Debug|Any CPU
		{5725D030-9569-46E5-9D48-180DB314E6CF}.Debug|iPhoneSimulator.Build.0 = Debug|Any CPU
		{5725D030-9569-46E5-9D48-180DB314E6CF}.Debug|x64.ActiveCfg = Debug|Any CPU
		{5725D030-9569-46E5-9D48-180DB314E6CF}.Debug|x64.Build.0 = Debug|Any CPU
		{5725D030-9569-46E5-9D48-180DB314E6CF}.Debug|x86.ActiveCfg = Debug|Any CPU
		{5725D030-9569-46E5-9D48-180DB314E6CF}.Debug|x86.Build.0 = Debug|Any CPU
		{5725D030-9569-46E5-9D48-180DB314E6CF}.Release|Any CPU.ActiveCfg = Release|Any CPU
		{5725D030-9569-46E5-9D48-180DB314E6CF}.Release|Any CPU.Build.0 = Release|Any CPU
		{5725D030-9569-46E5-9D48-180DB314E6CF}.Release|ARM.ActiveCfg = Release|Any CPU
		{5725D030-9569-46E5-9D48-180DB314E6CF}.Release|ARM.Build.0 = Release|Any CPU
		{5725D030-9569-46E5-9D48-180DB314E6CF}.Release|iPhone.ActiveCfg = Release|Any CPU
		{5725D030-9569-46E5-9D48-180DB314E6CF}.Release|iPhone.Build.0 = Release|Any CPU
		{5725D030-9569-46E5-9D48-180DB314E6CF}.Release|iPhoneSimulator.ActiveCfg = Release|Any CPU
		{5725D030-9569-46E5-9D48-180DB314E6CF}.Release|iPhoneSimulator.Build.0 = Release|Any CPU
		{5725D030-9569-46E5-9D48-180DB314E6CF}.Release|x64.ActiveCfg = Release|Any CPU
		{5725D030-9569-46E5-9D48-180DB314E6CF}.Release|x64.Build.0 = Release|Any CPU
		{5725D030-9569-46E5-9D48-180DB314E6CF}.Release|x86.ActiveCfg = Release|Any CPU
		{5725D030-9569-46E5-9D48-180DB314E6CF}.Release|x86.Build.0 = Release|Any CPU
	EndGlobalSection
	GlobalSection(SolutionProperties) = preSolution
		HideSolutionNode = FALSE
	EndGlobalSection
	GlobalSection(ExtensibilityGlobals) = postSolution
		SolutionGuid = {4F4D047C-C2BC-45EF-B0D1-5BDD0F78F783}
	EndGlobalSection
EndGlobal
